
Microsoft Visual Studio Solution File, Format Version 12.00
Project("{FAE04EC0-301F-11D3-BF4B-00C04F79EFBC}") = "WynnCraftAPI4CSharp", "WynnCraftAPI4CSharp.csproj", "{896024B9-8157-4D45-AF03-B5CDF811E349}"
EndProject
Global
	GlobalSection(SolutionConfigurationPlatforms) = preSolution
		Debug|Any CPU = Debug|Any CPU
		Release|Any CPU = Release|Any CPU
	EndGlobalSection
	GlobalSection(ProjectConfigurationPlatforms) = postSolution
		{896024B9-8157-4D45-AF03-B5CDF811E349}.Debug|Any CPU.ActiveCfg = Debug|Any CPU
		{896024B9-8157-4D45-AF03-B5CDF811E349}.Debug|Any CPU.Build.0 = Debug|Any CPU
		{896024B9-8157-4D45-AF03-B5CDF811E349}.Release|Any CPU.ActiveCfg = Release|Any CPU
		{896024B9-8157-4D45-AF03-B5CDF811E349}.Release|Any CPU.Build.0 = Release|Any CPU
	EndGlobalSection
EndGlobal
